# This file is autogenerated, do not edit; changes may be undone by the next 'dep ensure'.


[[projects]]
  digest = "1:1c10bf6793afd790b0949d5384403d8d4850bf8f5f72ab6fc232277daaa5057b"
  name = "github.com/aead/siphash"
  packages = ["."]
  pruneopts = "UT"
  revision = "83563a290f60225eb120d724600b9690c3fb536f"
  version = "v1.0.1"

[[projects]]
  branch = "master"
  digest = "1:1e6b2f7aa98b082c30a1303c29a702c369b2ec6d86b74a599bc8bbe2333db299"
  name = "github.com/btcsuite/go-socks"
  packages = ["socks"]
  pruneopts = "UT"
  revision = "4720035b7bfd2a9bb130b1c184f8bbe41b6f0d0f"

[[projects]]
  branch = "master"
  digest = "1:064d2cebe444ff7907a912c3ee249c70ae7859fd0fb03c25a0240cbcce2adb4c"
  name = "github.com/btcsuite/golangcrypto"
  packages = [
    "nacl/secretbox",
    "pbkdf2",
    "poly1305",
    "salsa20/salsa",
    "scrypt",
  ]
  pruneopts = "UT"
  revision = "53f62d9b43e87a6c56975cf862af7edf33a8d0df"

[[projects]]
  branch = "master"
  digest = "1:0b2242fd2f4f51fb491e97e204464f75da680897a0db10ec7554c87b71b5afc3"
  name = "github.com/btcsuite/websocket"
  packages = ["."]
  pruneopts = "UT"
  revision = "31079b6807923eb23992c421b114992b95131b55"

[[projects]]
  digest = "1:c28625428387b63dd7154eb857f51e700465cfbf7c06f619e71f2da33cefe47e"
  name = "github.com/coreos/bbolt"
  packages = ["."]
  pruneopts = "UT"
  revision = "583e8937c61f1af6513608ccc75c97b6abdf4ff9"
  version = "v1.3.0"

[[projects]]
  branch = "master"
  digest = "1:ffe9824d294da03b391f44e1ae8281281b4afc1bdaa9588c9097785e3af10cec"
  name = "github.com/davecgh/go-spew"
  packages = ["spew"]
  pruneopts = "UT"
  revision = "d8f796af33cc11cb798c1aaeb27a4ebc5099927d"

[[projects]]
  branch = "master"
  digest = "1:7ad1ab7f2cf49a7046cd09a343085cf8ce382a2f5c52661fa0b13357f3f9285b"
  name = "github.com/gcash/bchd"
  packages = [
    "addrmgr",
    "bchec",
    "blockchain",
    "btcjson",
    "chaincfg",
    "chaincfg/chainhash",
    "connmgr",
    "database",
    "integration/rpctest",
    "mining",
    "peer",
    "rpcclient",
    "txscript",
    "wire",
  ]
  pruneopts = "UT"
  revision = "b10168fcf9eff0c869339898bce66833d7c28a07"

[[projects]]
  branch = "master"
  digest = "1:b1053b781e9090dab5d3e916eb04c8d85b63a7f6911007c2cd1dd82fb22f7f6a"
  name = "github.com/gcash/bchlog"
  packages = ["."]
  pruneopts = "UT"
  revision = "b4f036f92fa66c88eec458f4531ff14ff87704d6"

[[projects]]
  branch = "master"
  digest = "1:52c0bca4d1c7d37712d259e17547e649e98c97c4db26d93b8c9ef756f16f2621"
  name = "github.com/gcash/bchutil"
  packages = [
    ".",
    "base58",
    "gcs",
    "gcs/builder",
    "hdkeychain",
  ]
  pruneopts = "UT"
  revision = "d51537ee11a6e6c31ba74f4b4accbc0edaf7a5d4"

[[projects]]
  branch = "master"
  digest = "1:1fdd6e92bae9d03160b972c26c38792e996b43b04a48c1b56e25b6ecb46f7dc6"
  name = "github.com/gcash/bchwallet"
  packages = [
    "internal/helpers",
    "internal/zero",
    "snacl",
    "waddrmgr",
    "wallet/internal/txsizes",
    "wallet/txauthor",
    "wallet/txrules",
    "walletdb",
    "walletdb/bdb",
  ]
  pruneopts = "UT"
  revision = "1c8ec37b54208c2b2b2d2767caf1c861a98e5c42"

[[projects]]
  digest = "1:aacef5f5e45685f2aeda5534d0a750dee6859de7e9088cdd06192787bb01ae6d"
  name = "github.com/go-errors/errors"
  packages = ["."]
  pruneopts = "UT"
  revision = "a6af135bd4e28680facf08a3d206b454abc877a4"
  version = "v1.0.1"

[[projects]]
  branch = "master"
  digest = "1:a6303215c6d4578f058f8a10b14fa675c4f9bec7630d171f49bb489e877629eb"
  name = "github.com/kkdai/bstream"
  packages = ["."]
  pruneopts = "UT"
  revision = "f71540b9dfdcfe64dbf2818e9b66423c6aafcacd"

[[projects]]
  branch = "master"
  digest = "1:f804354850ef747f20e387a75e04dfc64a205ab342f7086b7d77796865ff5ede"
  name = "golang.org/x/crypto"
  packages = ["ripemd160"]
  pruneopts = "UT"
  revision = "e84da0312774c21d64ee2317962ef669b27ffb41"

[[projects]]
  branch = "master"
  digest = "1:f22e437d9328275884d0ae018ed0de4c280871c944a5ab332aa37fd71fb5801b"
  name = "golang.org/x/sys"
  packages = ["unix"]
  pruneopts = "UT"
  revision = "95b1ffbd15a57cc5abb3f04402b9e8ec0016a52c"

[solve-meta]
  analyzer-name = "dep"
  analyzer-version = 1
  input-imports = [
    "github.com/davecgh/go-spew/spew",
    "github.com/gcash/bchd/addrmgr",
    "github.com/gcash/bchd/bchec",
    "github.com/gcash/bchd/blockchain",
    "github.com/gcash/bchd/btcjson",
    "github.com/gcash/bchd/chaincfg",
    "github.com/gcash/bchd/chaincfg/chainhash",
    "github.com/gcash/bchd/connmgr",
    "github.com/gcash/bchd/integration/rpctest",
    "github.com/gcash/bchd/peer",
    "github.com/gcash/bchd/rpcclient",
    "github.com/gcash/bchd/txscript",
    "github.com/gcash/bchd/wire",
    "github.com/gcash/bchlog",
    "github.com/gcash/bchutil",
    "github.com/gcash/bchutil/gcs",
    "github.com/gcash/bchutil/gcs/builder",
    "github.com/gcash/bchwallet/waddrmgr",
    "github.com/gcash/bchwallet/wallet/txauthor",
    "github.com/gcash/bchwallet/walletdb",
    "github.com/gcash/bchwallet/walletdb/bdb",
    "github.com/go-errors/errors",
  ]
  solver-name = "gps-cdcl"
  solver-version = 1
